
Microsoft Visual Studio Solution File, Format Version 12.00
# Visual Studio Version 16
VisualStudioVersion = 16.0.30128.74
MinimumVisualStudioVersion = 10.0.40219.1
Project("{FAE04EC0-301F-11D3-BF4B-00C04F79EFBC}") = "ModbusTcp", "ModbusTcp\ModbusTcp.csproj", "{3D160C03-C932-4630-A7AD-18815133964B}"
EndProject
Global
	GlobalSection(SolutionConfigurationPlatforms) = preSolution
		Debug|Any CPU = Debug|Any CPU
		Release|Any CPU = Release|Any CPU
	EndGlobalSection
	GlobalSection(ProjectConfigurationPlatforms) = postSolution
		{3D160C03-C932-4630-A7AD-18815133964B}.Debug|Any CPU.ActiveCfg = Debug|Any CPU
		{3D160C03-C932-4630-A7AD-18815133964B}.Debug|Any CPU.Build.0 = Debug|Any CPU
		{3D160C03-C932-4630-A7AD-18815133964B}.Release|Any CPU.ActiveCfg = Release|Any CPU
		{3D160C03-C932-4630-A7AD-18815133964B}.Release|Any CPU.Build.0 = Release|Any CPU
	EndGlobalSection
	GlobalSection(SolutionProperties) = preSolution
		HideSolutionNode = FALSE
	EndGlobalSection
	GlobalSection(ExtensibilityGlobals) = postSolution
		SolutionGuid = {B50D5E56-4CF3-40CD-B390-B6D7B9B5B6AD}
	EndGlobalSection
EndGlobal
